github.com/TeamEndAllReality/cav2 v0.0.0-20200702011545-5e1584436e27 h1:b6fp5M3eU69KYjjpih/I0jZWYOpcrrcTNI0tMQneJGo=
github.com/TeamEndAllReality/cav2 v0.0.0-20200702011545-5e1584436e27/go.mod h1:EYCy1XuGsNnkdpkJDH1eD+Hfr/monYqch8FG+Z6hdMU=
github.com/aviddiviner/go-murmur v0.0.0-20150519214947-b9740d71e571 h1:seCdAEDyB0Hti/v1VajB7pAOIk9zmz/0/KE0D0oFqnc=
github.com/aviddiviner/go-murmur v0.0.0-20150519214947-b9740d71e571/go.mod h1:VzSzsYCY3W9xWYWD8T2GLDidWTe5rTZv+UdDMGhLfjg=
